{
  "name": "@mvault/auth",
  "version": "2.0.5",
  "lockfileVersion": 2,
  "requires": true,
  "packages": {
    "": {
      "name": "@mvault/auth",
      "version": "2.0.5",
      "license": "ISC",
      "dependencies": {
        "@mvault/auth": "^2.0.5"
      }
    },
    "node_modules/@mvault/auth": {
      "version": "2.0.5",
      "resolved": "https://registry.npmjs.org/@mvault/auth/-/auth-2.0.5.tgz",
      "integrity": "sha512-xQtgrmMIsm/GIPA0TH3p88h58Q1at2OwCGCK8EhIwlypCrxGwNm+pZd0Ql01MatyMPXnytvpZYBKwTVVInWbwg=="
    }
  },
  "dependencies": {
    "@mvault/auth": {
      "version": "2.0.5",
      "resolved": "https://registry.npmjs.org/@mvault/auth/-/auth-2.0.5.tgz",
      "integrity": "sha512-xQtgrmMIsm/GIPA0TH3p88h58Q1at2OwCGCK8EhIwlypCrxGwNm+pZd0Ql01MatyMPXnytvpZYBKwTVVInWbwg=="
    }
  }
}
